
Microsoft Visual Studio Solution File, Format Version 12.00
# Visual Studio Version 16
VisualStudioVersion = 16.0.31410.357
MinimumVisualStudioVersion = 10.0.40219.1
Project("{FAE04EC0-301F-11D3-BF4B-00C04F79EFBC}") = "Fatura.Module", "Fatura.Module\Fatura.Module.csproj", "{5F71C3F2-9C76-4D80-BEC7-3372705A275C}"
EndProject
Project("{FAE04EC0-301F-11D3-BF4B-00C04F79EFBC}") = "Fatura.Module.Web", "Fatura.Module.Web\Fatura.Module.Web.csproj", "{DDD00535-46B5-46ED-B603-E1E509044B1D}"
EndProject
Project("{FAE04EC0-301F-11D3-BF4B-00C04F79EFBC}") = "Fatura.Web", "Fatura.Web\Fatura.Web.csproj", "{3C0EE9F1-D52E-459B-B0AE-8787EEA9C853}"
EndProject
Global
	GlobalSection(SolutionConfigurationPlatforms) = preSolution
		Debug|Any CPU = Debug|Any CPU
		EasyTest|Any CPU = EasyTest|Any CPU
		Release|Any CPU = Release|Any CPU
	EndGlobalSection
	GlobalSection(ProjectConfigurationPlatforms) = postSolution
		{5F71C3F2-9C76-4D80-BEC7-3372705A275C}.Debug|Any CPU.ActiveCfg = Debug|Any CPU
		{5F71C3F2-9C76-4D80-BEC7-3372705A275C}.Debug|Any CPU.Build.0 = Debug|Any CPU
		{5F71C3F2-9C76-4D80-BEC7-3372705A275C}.EasyTest|Any CPU.ActiveCfg = EasyTest|Any CPU
		{5F71C3F2-9C76-4D80-BEC7-3372705A275C}.EasyTest|Any CPU.Build.0 = EasyTest|Any CPU
		{5F71C3F2-9C76-4D80-BEC7-3372705A275C}.Release|Any CPU.ActiveCfg = Release|Any CPU
		{5F71C3F2-9C76-4D80-BEC7-3372705A275C}.Release|Any CPU.Build.0 = Release|Any CPU
		{DDD00535-46B5-46ED-B603-E1E509044B1D}.Debug|Any CPU.ActiveCfg = Debug|Any CPU
		{DDD00535-46B5-46ED-B603-E1E509044B1D}.Debug|Any CPU.Build.0 = Debug|Any CPU
		{DDD00535-46B5-46ED-B603-E1E509044B1D}.EasyTest|Any CPU.ActiveCfg = EasyTest|Any CPU
		{DDD00535-46B5-46ED-B603-E1E509044B1D}.EasyTest|Any CPU.Build.0 = EasyTest|Any CPU
		{DDD00535-46B5-46ED-B603-E1E509044B1D}.Release|Any CPU.ActiveCfg = Release|Any CPU
		{DDD00535-46B5-46ED-B603-E1E509044B1D}.Release|Any CPU.Build.0 = Release|Any CPU
		{3C0EE9F1-D52E-459B-B0AE-8787EEA9C853}.Debug|Any CPU.ActiveCfg = Debug|Any CPU
		{3C0EE9F1-D52E-459B-B0AE-8787EEA9C853}.Debug|Any CPU.Build.0 = Debug|Any CPU
		{3C0EE9F1-D52E-459B-B0AE-8787EEA9C853}.EasyTest|Any CPU.ActiveCfg = EasyTest|Any CPU
		{3C0EE9F1-D52E-459B-B0AE-8787EEA9C853}.EasyTest|Any CPU.Build.0 = EasyTest|Any CPU
		{3C0EE9F1-D52E-459B-B0AE-8787EEA9C853}.Release|Any CPU.ActiveCfg = Release|Any CPU
		{3C0EE9F1-D52E-459B-B0AE-8787EEA9C853}.Release|Any CPU.Build.0 = Release|Any CPU
	EndGlobalSection
	GlobalSection(SolutionProperties) = preSolution
		HideSolutionNode = FALSE
	EndGlobalSection
	GlobalSection(ExtensibilityGlobals) = postSolution
		SolutionGuid = {021A7703-0151-4C7D-ABA2-1C720D461F00}
	EndGlobalSection
EndGlobal
